// !$*UTF8*$!
{
	archiveVersion = 1;
	classes = {
	};
	objectVersion = 56;
	objects = {

/* Begin PBXBuildFile section */
		18649C2F2B55AEEF00FAA470 /* AppDelegate.swift in Sources */ = {isa = PBXBuildFile; fileRef = 18649C2E2B55AEEF00FAA470 /* AppDelegate.swift */; };
		18649C312B55AEEF00FAA470 /* SceneDelegate.swift in Sources */ = {isa = PBXBuildFile; fileRef = 18649C302B55AEEF00FAA470 /* SceneDelegate.swift */; };
		18649C332B55AEEF00FAA470 /* WelcomeViewController.swift in Sources */ = {isa = PBXBuildFile; fileRef = 18649C322B55AEEF00FAA470 /* WelcomeViewController.swift */; };
		18649C362B55AEEF00FAA470 /* Main.storyboard in Resources */ = {isa = PBXBuildFile; fileRef = 18649C342B55AEEF00FAA470 /* Main.storyboard */; };
		18649C382B55AEF100FAA470 /* Assets.xcassets in Resources */ = {isa = PBXBuildFile; fileRef = 18649C372B55AEF100FAA470 /* Assets.xcassets */; };
		18649C3B2B55AEF100FAA470 /* LaunchScreen.storyboard in Resources */ = {isa = PBXBuildFile; fileRef = 18649C392B55AEF100FAA470 /* LaunchScreen.storyboard */; };
		18649C442B55B5E200FAA470 /* BorderButton.swift in Sources */ = {isa = PBXBuildFile; fileRef = 18649C432B55B5E200FAA470 /* BorderButton.swift */; };
		1865C0FB2B58086B0019BE3A /* LeagueViewController.swift in Sources */ = {isa = PBXBuildFile; fileRef = 1865C0FA2B58086B0019BE3A /* LeagueViewController.swift */; };
		1865C0FD2B5808860019BE3A /* SkillViewController.swift in Sources */ = {isa = PBXBuildFile; fileRef = 1865C0FC2B5808860019BE3A /* SkillViewController.swift */; };
		18A6D83E2B5BF71900EAFB7A /* Player.swift in Sources */ = {isa = PBXBuildFile; fileRef = 18A6D83D2B5BF71900EAFB7A /* Player.swift */; };
/* End PBXBuildFile section */

/* Begin PBXFileReference section */
		18649C2B2B55AEEF00FAA470 /* app-swoosh.app */ = {isa = PBXFileReference; explicitFileType = wrapper.application; includeInIndex = 0; path = "app-swoosh.app"; sourceTree = BUILT_PRODUCTS_DIR; };
		18649C2E2B55AEEF00FAA470 /* AppDelegate.swift */ = {isa = PBXFileReference; lastKnownFileType = sourcecode.swift; path = AppDelegate.swift; sourceTree = "<group>"; };
		18649C302B55AEEF00FAA470 /* SceneDelegate.swift */ = {isa = PBXFileReference; lastKnownFileType = sourcecode.swift; path = SceneDelegate.swift; sourceTree = "<group>"; };
		18649C322B55AEEF00FAA470 /* WelcomeViewController.swift */ = {isa = PBXFileReference; lastKnownFileType = sourcecode.swift; path = WelcomeViewController.swift; sourceTree = "<group>"; };
		18649C352B55AEEF00FAA470 /* Base */ = {isa = PBXFileReference; lastKnownFileType = file.storyboard; name = Base; path = Base.lproj/Main.storyboard; sourceTree = "<group>"; };
		18649C372B55AEF100FAA470 /* Assets.xcassets */ = {isa = PBXFileReference; lastKnownFileType = folder.assetcatalog; path = Assets.xcassets; sourceTree = "<group>"; };
		18649C3A2B55AEF100FAA470 /* Base */ = {isa = PBXFileReference; lastKnownFileType = file.storyboard; name = Base; path = Base.lproj/LaunchScreen.storyboard; sourceTree = "<group>"; };
		18649C3C2B55AEF100FAA470 /* Info.plist */ = {isa = PBXFileReference; lastKnownFileType = text.plist.xml; path = Info.plist; sourceTree = "<group>"; };
		18649C432B55B5E200FAA470 /* BorderButton.swift */ = {isa = PBXFileReference; lastKnownFileType = sourcecode.swift; path = BorderButton.swift; sourceTree = "<group>"; };
		1865C0FA2B58086B0019BE3A /* LeagueViewController.swift */ = {isa = PBXFileReference; lastKnownFileType = sourcecode.swift; path = LeagueViewController.swift; sourceTree = "<group>"; };
		1865C0FC2B5808860019BE3A /* SkillViewController.swift */ = {isa = PBXFileReference; lastKnownFileType = sourcecode.swift; path = SkillViewController.swift; sourceTree = "<group>"; };
		18A6D83D2B5BF71900EAFB7A /* Player.swift */ = {isa = PBXFileReference; lastKnownFileType = sourcecode.swift; path = Player.swift; sourceTree = "<group>"; };
/* End PBXFileReference section */

/* Begin PBXFrameworksBuildPhase section */
		18649C282B55AEEF00FAA470 /* Frameworks */ = {
			isa = PBXFrameworksBuildPhase;
			buildActionMask = 2147483647;
			files = (
			);
			runOnlyForDeploymentPostprocessing = 0;
		};
/* End PBXFrameworksBuildPhase section */

/* Begin PBXGroup section */
		18649C222B55AEEF00FAA470 = {
			isa = PBXGroup;
			children = (
				18649C2D2B55AEEF00FAA470 /* app-swoosh */,
				18649C2C2B55AEEF00FAA470 /* Products */,
			);
			sourceTree = "<group>";
		};
		18649C2C2B55AEEF00FAA470 /* Products */ = {
			isa = PBXGroup;
			children = (
				18649C2B2B55AEEF00FAA470 /* app-swoosh.app */,
			);
			name = Products;
			sourceTree = "<group>";
		};
		18649C2D2B55AEEF00FAA470 /* app-swoosh */ = {
			isa = PBXGroup;
			children = (
				1865C0F92B5807780019BE3A /* Controller */,
				1865C0F82B58076F0019BE3A /* Model */,
				18649C422B55B58900FAA470 /* View */,
				18649C2E2B55AEEF00FAA470 /* AppDelegate.swift */,
				18649C302B55AEEF00FAA470 /* SceneDelegate.swift */,
				18649C342B55AEEF00FAA470 /* Main.storyboard */,
				18649C372B55AEF100FAA470 /* Assets.xcassets */,
				18649C392B55AEF100FAA470 /* LaunchScreen.storyboard */,
				18649C3C2B55AEF100FAA470 /* Info.plist */,
			);
			path = "app-swoosh";
			sourceTree = "<group>";
		};
		18649C422B55B58900FAA470 /* View */ = {
			isa = PBXGroup;
			children = (
				18649C432B55B5E200FAA470 /* BorderButton.swift */,
			);
			path = View;
			sourceTree = "<group>";
		};
		1865C0F82B58076F0019BE3A /* Model */ = {
			isa = PBXGroup;
			children = (
				18A6D83D2B5BF71900EAFB7A /* Player.swift */,
			);
			path = Model;
			sourceTree = "<group>";
		};
		1865C0F92B5807780019BE3A /* Controller */ = {
			isa = PBXGroup;
			children = (
				18649C322B55AEEF00FAA470 /* WelcomeViewController.swift */,
				1865C0FA2B58086B0019BE3A /* LeagueViewController.swift */,
				1865C0FC2B5808860019BE3A /* SkillViewController.swift */,
			);
			path = Controller;
			sourceTree = "<group>";
		};
/* End PBXGroup section */

/* Begin PBXNativeTarget section */
		18649C2A2B55AEEF00FAA470 /* app-swoosh */ = {
			isa = PBXNativeTarget;
			buildConfigurationList = 18649C3F2B55AEF100FAA470 /* Build configuration list for PBXNativeTarget "app-swoosh" */;
			buildPhases = (
				18649C272B55AEEF00FAA470 /* Sources */,
				18649C282B55AEEF00FAA470 /* Frameworks */,
				18649C292B55AEEF00FAA470 /* Resources */,
			);
			buildRules = (
			);
			dependencies = (
			);
			name = "app-swoosh";
			productName = "app-swoosh";
			productReference = 18649C2B2B55AEEF00FAA470 /* app-swoosh.app */;
			productType = "com.apple.product-type.application";
		};
/* End PBXNativeTarget section */

/* Begin PBXProject section */
		18649C232B55AEEF00FAA470 /* Project object */ = {
			isa = PBXProject;
			attributes = {
				BuildIndependentTargetsInParallel = 1;
				LastSwiftUpdateCheck = 1510;
				LastUpgradeCheck = 1510;
				TargetAttributes = {
					18649C2A2B55AEEF00FAA470 = {
						CreatedOnToolsVersion = 15.1;
					};
				};
			};
			buildConfigurationList = 18649C262B55AEEF00FAA470 /* Build configuration list for PBXProject "app-swoosh" */;
			compatibilityVersion = "Xcode 14.0";
			developmentRegion = en;
			hasScannedForEncodings = 0;
			knownRegions = (
				en,
				Base,
			);
			mainGroup = 18649C222B55AEEF00FAA470;
			productRefGroup = 18649C2C2B55AEEF00FAA470 /* Products */;
			projectDirPath = "";
			projectRoot = "";
			targets = (
				18649C2A2B55AEEF00FAA470 /* app-swoosh */,
			);
		};
/* End PBXProject section */

/* Begin PBXResourcesBuildPhase section */
		18649C292B55AEEF00FAA470 /* Resources */ = {
			isa = PBXResourcesBuildPhase;
			buildActionMask = 2147483647;
			files = (
				18649C3B2B55AEF100FAA470 /* LaunchScreen.storyboard in Resources */,
				18649C382B55AEF100FAA470 /* Assets.xcassets in Resources */,
				18649C362B55AEEF00FAA470 /* Main.storyboard in Resources */,
			);
			runOnlyForDeploymentPostprocessing = 0;
		};
/* End PBXResourcesBuildPhase section */

/* Begin PBXSourcesBuildPhase section */
		18649C272B55AEEF00FAA470 /* Sources */ = {
			isa = PBXSourcesBuildPhase;
			buildActionMask = 2147483647;
			files = (
				18649C332B55AEEF00FAA470 /* WelcomeViewController.swift in Sources */,
				18649C2F2B55AEEF00FAA470 /* AppDelegate.swift in Sources */,
				18649C312B55AEEF00FAA470 /* SceneDelegate.swift in Sources */,
				1865C0FB2B58086B0019BE3A /* LeagueViewController.swift in Sources */,
				18A6D83E2B5BF71900EAFB7A /* Player.swift in Sources */,
				1865C0FD2B5808860019BE3A /* SkillViewController.swift in Sources */,
				18649C442B55B5E200FAA470 /* BorderButton.swift in Sources */,
			);
			runOnlyForDeploymentPostprocessing = 0;
		};
/* End PBXSourcesBuildPhase section */

/* Begin PBXVariantGroup section */
		18649C342B55AEEF00FAA470 /* Main.storyboard */ = {
			isa = PBXVariantGroup;
			children = (
				18649C352B55AEEF00FAA470 /* Base */,
			);
			name = Main.storyboard;
			sourceTree = "<group>";
		};
		18649C392B55AEF100FAA470 /* LaunchScreen.storyboard */ = {
			isa = PBXVariantGroup;
			children = (
				18649C3A2B55AEF100FAA470 /* Base */,
			);
			name = LaunchScreen.storyboard;
			sourceTree = "<group>";
		};
/* End PBXVariantGroup section */

/* Begin XCBuildConfiguration section */
		18649C3D2B55AEF100FAA470 /* Debug */ = {
			isa = XCBuildConfiguration;
			buildSettings = {
				ALWAYS_SEARCH_USER_PATHS = NO;
				ASSETCATALOG_COMPILER_GENERATE_SWIFT_ASSET_SYMBOL_EXTENSIONS = YES;
				CLANG_ANALYZER_NONNULL = YES;
				CLANG_ANALYZER_NUMBER_OBJECT_CONVERSION = YES_AGGRESSIVE;
				CLANG_CXX_LANGUAGE_STANDARD = "gnu++20";
				CLANG_ENABLE_MODULES = YES;
				CLANG_ENABLE_OBJC_ARC = YES;
				CLANG_ENABLE_OBJC_WEAK = YES;
				CLANG_WARN_BLOCK_CAPTURE_AUTORELEASING = YES;
				CLANG_WARN_BOOL_CONVERSION = YES;
				CLANG_WARN_COMMA = YES;
				CLANG_WARN_CONSTANT_CONVERSION = YES;
				CLANG_WARN_DEPRECATED_OBJC_IMPLEMENTATIONS = YES;
				CLANG_WARN_DIRECT_OBJC_ISA_USAGE = YES_ERROR;
				CLANG_WARN_DOCUMENTATION_COMMENTS = YES;
				CLANG_WARN_EMPTY_BODY = YES;
				CLANG_WARN_ENUM_CONVERSION = YES;
				CLANG_WARN_INFINITE_RECURSION = YES;
				CLANG_WARN_INT_CONVERSION = YES;
				CLANG_WARN_NON_LITERAL_NULL_CONVERSION = YES;
				CLANG_WARN_OBJC_IMPLICIT_RETAIN_SELF = YES;
				CLANG_WARN_OBJC_LITERAL_CONVERSION = YES;
				CLANG_WARN_OBJC_ROOT_CLASS = YES_ERROR;
				CLANG_WARN_QUOTED_INCLUDE_IN_FRAMEWORK_HEADER = YES;
				CLANG_WARN_RANGE_LOOP_ANALYSIS = YES;
				CLANG_WARN_STRICT_PROTOTYPES = YES;
				CLANG_WARN_SUSPICIOUS_MOVE = YES;
				CLANG_WARN_UNGUARDED_AVAILABILITY = YES_AGGRESSIVE;
				CLANG_WARN_UNREACHABLE_CODE = YES;
				CLANG_WARN__DUPLICATE_METHOD_MATCH = YES;
				COPY_PHASE_STRIP = NO;
				DEBUG_INFORMATION_FORMAT = dwarf;
				ENABLE_STRICT_OBJC_MSGSEND = YES;
				ENABLE_TESTABILITY = YES;
				ENABLE_USER_SCRIPT_SANDBOXING = YES;
				GCC_C_LANGUAGE_STANDARD = gnu17;
				GCC_DYNAMIC_NO_PIC = NO;
				GCC_NO_COMMON_BLOCKS = YES;
				GCC_OPTIMIZATION_LEVEL = 0;
				GCC_PREPROCESSOR_DEFINITIONS = (
					"DEBUG=1",
					"$(inherited)",
				);
				GCC_WARN_64_TO_32_BIT_CONVERSION = YES;
				GCC_WARN_ABOUT_RETURN_TYPE = YES_ERROR;
				GCC_WARN_UNDECLARED_SELECTOR = YES;
				GCC_WARN_UNINITIALIZED_AUTOS = YES_AGGRESSIVE;
				GCC_WARN_UNUSED_FUNCTION = YES;
				GCC_WARN_UNUSED_VARIABLE = YES;
				IPHONEOS_DEPLOYMENT_TARGET = 17.2;
				LOCALIZATION_PREFERS_STRING_CATALOGS = YES;
				MTL_ENABLE_DEBUG_INFO = INCLUDE_SOURCE;
				MTL_FAST_MATH = YES;
				ONLY_ACTIVE_ARCH = YES;
				SDKROOT = iphoneos;
				SWIFT_ACTIVE_COMPILATION_CONDITIONS = "DEBUG $(inherited)";
				SWIFT_OPTIMIZATION_LEVEL = "-Onone";
			};
			name = Debug;
		};
		18649C3E2B55AEF100FAA470 /* Release */ = {
			isa = XCBuildConfiguration;
			buildSettings = {
				ALWAYS_SEARCH_USER_PATHS = NO;
				ASSETCATALOG_COMPILER_GENERATE_SWIFT_ASSET_SYMBOL_EXTENSIONS = YES;
				CLANG_ANALYZER_NONNULL = YES;
				CLANG_ANALYZER_NUMBER_OBJECT_CONVERSION = YES_AGGRESSIVE;
				CLANG_CXX_LANGUAGE_STANDARD = "gnu++20";
				CLANG_ENABLE_MODULES = YES;
				CLANG_ENABLE_OBJC_ARC = YES;
				CLANG_ENABLE_OBJC_WEAK = YES;
				CLANG_WARN_BLOCK_CAPTURE_AUTORELEASING = YES;
				CLANG_WARN_BOOL_CONVERSION = YES;
				CLANG_WARN_COMMA = YES;
				CLANG_WARN_CONSTANT_CONVERSION = YES;
				CLANG_WARN_DEPRECATED_OBJC_IMPLEMENTATIONS = YES;
				CLANG_WARN_DIRECT_OBJC_ISA_USAGE = YES_ERROR;
				CLANG_WARN_DOCUMENTATION_COMMENTS = YES;
				CLANG_WARN_EMPTY_BODY = YES;
				CLANG_WARN_ENUM_CONVERSION = YES;
				CLANG_WARN_INFINITE_RECURSION = YES;
				CLANG_WARN_INT_CONVERSION = YES;
				CLANG_WARN_NON_LITERAL_NULL_CONVERSION = YES;
				CLANG_WARN_OBJC_IMPLICIT_RETAIN_SELF = YES;
				CLANG_WARN_OBJC_LITERAL_CONVERSION = YES;
				CLANG_WARN_OBJC_ROOT_CLASS = YES_ERROR;
				CLANG_WARN_QUOTED_INCLUDE_IN_FRAMEWORK_HEADER = YES;
				CLANG_WARN_RANGE_LOOP_ANALYSIS = YES;
				CLANG_WARN_STRICT_PROTOTYPES = YES;
				CLANG_WARN_SUSPICIOUS_MOVE = YES;
				CLANG_WARN_UNGUARDED_AVAILABILITY = YES_AGGRESSIVE;
				CLANG_WARN_UNREACHABLE_CODE = YES;
				CLANG_WARN__DUPLICATE_METHOD_MATCH = YES;
				COPY_PHASE_STRIP = NO;
				DEBUG_INFORMATION_FORMAT = "dwarf-with-dsym";
				ENABLE_NS_ASSERTIONS = NO;
				ENABLE_STRICT_OBJC_MSGSEND = YES;
				ENABLE_USER_SCRIPT_SANDBOXING = YES;
				GCC_C_LANGUAGE_STANDARD = gnu17;
				GCC_NO_COMMON_BLOCKS = YES;
				GCC_WARN_64_TO_32_BIT_CONVERSION = YES;
				GCC_WARN_ABOUT_RETURN_TYPE = YES_ERROR;
				GCC_WARN_UNDECLARED_SELECTOR = YES;
				GCC_WARN_UNINITIALIZED_AUTOS = YES_AGGRESSIVE;
				GCC_WARN_UNUSED_FUNCTION = YES;
				GCC_WARN_UNUSED_VARIABLE = YES;
				IPHONEOS_DEPLOYMENT_TARGET = 17.2;
				LOCALIZATION_PREFERS_STRING_CATALOGS = YES;
				MTL_ENABLE_DEBUG_INFO = NO;
				MTL_FAST_MATH = YES;
				SDKROOT = iphoneos;
				SWIFT_COMPILATION_MODE = wholemodule;
				VALIDATE_PRODUCT = YES;
			};
			name = Release;
		};
		18649C402B55AEF100FAA470 /* Debug */ = {
			isa = XCBuildConfiguration;
			buildSettings = {
				ASSETCATALOG_COMPILER_APPICON_NAME = AppIcon;
				ASSETCATALOG_COMPILER_GLOBAL_ACCENT_COLOR_NAME = AccentColor;
				CODE_SIGN_STYLE = Automatic;
				CURRENT_PROJECT_VERSION = 1;
				DEVELOPMENT_TEAM = 6LKF54KVN9;
				GENERATE_INFOPLIST_FILE = YES;
				INFOPLIST_FILE = "app-swoosh/Info.plist";
				INFOPLIST_KEY_UIApplicationSupportsIndirectInputEvents = YES;
				INFOPLIST_KEY_UILaunchStoryboardName = LaunchScreen;
				INFOPLIST_KEY_UIMainStoryboardFile = Main;
				INFOPLIST_KEY_UISupportedInterfaceOrientations_iPad = "UIInterfaceOrientationPortrait UIInterfaceOrientationPortraitUpsideDown UIInterfaceOrientationLandscapeLeft UIInterfaceOrientationLandscapeRight";
				INFOPLIST_KEY_UISupportedInterfaceOrientations_iPhone = "UIInterfaceOrientationPortrait UIInterfaceOrientationLandscapeLeft UIInterfaceOrientationLandscapeRight";
				LD_RUNPATH_SEARCH_PATHS = (
					"$(inherited)",
					"@executable_path/Frameworks",
				);
				MARKETING_VERSION = 1.0;
				PRODUCT_BUNDLE_IDENTIFIER = "none.app-swoosh";
				PRODUCT_NAME = "$(TARGET_NAME)";
				SWIFT_EMIT_LOC_STRINGS = YES;
				SWIFT_VERSION = 5.0;
				TARGETED_DEVICE_FAMILY = "1,2";
			};
			name = Debug;
		};
		18649C412B55AEF100FAA470 /* Release */ = {
			isa = XCBuildConfiguration;
			buildSettings = {
				ASSETCATALOG_COMPILER_APPICON_NAME = AppIcon;
				ASSETCATALOG_COMPILER_GLOBAL_ACCENT_COLOR_NAME = AccentColor;
				CODE_SIGN_STYLE = Automatic;
				CURRENT_PROJECT_VERSION = 1;
				DEVELOPMENT_TEAM = 6LKF54KVN9;
				GENERATE_INFOPLIST_FILE = YES;
				INFOPLIST_FILE = "app-swoosh/Info.plist";
				INFOPLIST_KEY_UIApplicationSupportsIndirectInputEvents = YES;
				INFOPLIST_KEY_UILaunchStoryboardName = LaunchScreen;
				INFOPLIST_KEY_UIMainStoryboardFile = Main;
				INFOPLIST_KEY_UISupportedInterfaceOrientations_iPad = "UIInterfaceOrientationPortrait UIInterfaceOrientationPortraitUpsideDown UIInterfaceOrientationLandscapeLeft UIInterfaceOrientationLandscapeRight";
				INFOPLIST_KEY_UISupportedInterfaceOrientations_iPhone = "UIInterfaceOrientationPortrait UIInterfaceOrientationLandscapeLeft UIInterfaceOrientationLandscapeRight";
				LD_RUNPATH_SEARCH_PATHS = (
					"$(inherited)",
					"@executable_path/Frameworks",
				);
				MARKETING_VERSION = 1.0;
				PRODUCT_BUNDLE_IDENTIFIER = "none.app-swoosh";
				PRODUCT_NAME = "$(TARGET_NAME)";
				SWIFT_EMIT_LOC_STRINGS = YES;
				SWIFT_VERSION = 5.0;
				TARGETED_DEVICE_FAMILY = "1,2";
			};
			name = Release;
		};
/* End XCBuildConfiguration section */

/* Begin XCConfigurationList section */
		18649C262B55AEEF00FAA470 /* Build configuration list for PBXProject "app-swoosh" */ = {
			isa = XCConfigurationList;
			buildConfigurations = (
				18649C3D2B55AEF100FAA470 /* Debug */,
				18649C3E2B55AEF100FAA470 /* Release */,
			);
			defaultConfigurationIsVisible = 0;
			defaultConfigurationName = Release;
		};
		18649C3F2B55AEF100FAA470 /* Build configuration list for PBXNativeTarget "app-swoosh" */ = {
			isa = XCConfigurationList;
			buildConfigurations = (
				18649C402B55AEF100FAA470 /* Debug */,
				18649C412B55AEF100FAA470 /* Release */,
			);
			defaultConfigurationIsVisible = 0;
			defaultConfigurationName = Release;
		};
/* End XCConfigurationList section */
	};
	rootObject = 18649C232B55AEEF00FAA470 /* Project object */;
}
